
Microsoft Visual Studio Solution File, Format Version 12.00
# Visual Studio Version 16
VisualStudioVersion = 16.0.30907.101
MinimumVisualStudioVersion = 10.0.40219.1
Project("{FAE04EC0-301F-11D3-BF4B-00C04F79EFBC}") = "AS2021_TPSIT_4H_BronzettiChristian_laboratorio", "AS2021_TPSIT_4H_BronzettiChristian_laboratorio\AS2021_TPSIT_4H_BronzettiChristian_laboratorio.csproj", "{609309DA-991A-4C77-8970-C4C939852C32}"
EndProject
Global
	GlobalSection(SolutionConfigurationPlatforms) = preSolution
		Debug|Any CPU = Debug|Any CPU
		Release|Any CPU = Release|Any CPU
	EndGlobalSection
	GlobalSection(ProjectConfigurationPlatforms) = postSolution
		{609309DA-991A-4C77-8970-C4C939852C32}.Debug|Any CPU.ActiveCfg = Debug|Any CPU
		{609309DA-991A-4C77-8970-C4C939852C32}.Debug|Any CPU.Build.0 = Debug|Any CPU
		{609309DA-991A-4C77-8970-C4C939852C32}.Release|Any CPU.ActiveCfg = Release|Any CPU
		{609309DA-991A-4C77-8970-C4C939852C32}.Release|Any CPU.Build.0 = Release|Any CPU
	EndGlobalSection
	GlobalSection(SolutionProperties) = preSolution
		HideSolutionNode = FALSE
	EndGlobalSection
	GlobalSection(ExtensibilityGlobals) = postSolution
		SolutionGuid = {FAA21B9E-CD5D-4798-AD24-CB7D4051EF7E}
	EndGlobalSection
EndGlobal
